
Microsoft Visual Studio Solution File, Format Version 12.00
# Visual Studio 15
VisualStudioVersion = 15.0.27428.2015
MinimumVisualStudioVersion = 10.0.40219.1
Project("{FAE04EC0-301F-11D3-BF4B-00C04F79EFBC}") = "TcpClient", "TcpClient\TcpClient.csproj", "{CC92FDE3-D335-4468-9414-35CB64568760}"
EndProject
Global
	GlobalSection(SolutionConfigurationPlatforms) = preSolution
		Debug|Any CPU = Debug|Any CPU
		Release|Any CPU = Release|Any CPU
	EndGlobalSection
	GlobalSection(ProjectConfigurationPlatforms) = postSolution
		{CC92FDE3-D335-4468-9414-35CB64568760}.Debug|Any CPU.ActiveCfg = Debug|Any CPU
		{CC92FDE3-D335-4468-9414-35CB64568760}.Debug|Any CPU.Build.0 = Debug|Any CPU
		{CC92FDE3-D335-4468-9414-35CB64568760}.Release|Any CPU.ActiveCfg = Release|Any CPU
		{CC92FDE3-D335-4468-9414-35CB64568760}.Release|Any CPU.Build.0 = Release|Any CPU
	EndGlobalSection
	GlobalSection(SolutionProperties) = preSolution
		HideSolutionNode = FALSE
	EndGlobalSection
	GlobalSection(ExtensibilityGlobals) = postSolution
		SolutionGuid = {8AD0E010-BBC5-44F9-B3EC-FFDF2FABF5EE}
	EndGlobalSection
EndGlobal
